PODS:
  - BlueCryptor (1.0.32)
  - BlueECC (1.2.5)
  - BlueRSA (1.0.34)
  - CryptoSwift (1.4.0)
  - DeviceKit (4.4.0)
  - IQKeyboardManagerSwift (6.5.6)
  - JGProgressHUD (2.2)
  - KituraContracts (1.2.1):
    - LoggerAPI (~> 1.7)
  - LicensesViewController (0.9.0)
  - LoggerAPI (1.9.200):
    - Logging (~> 1.1)
  - Logging (1.4.0)
  - MaterialComponents/AnimationTiming (124.1.1)
  - MaterialComponents/Availability (124.1.1)
  - MaterialComponents/Buttons (124.1.1):
    - MaterialComponents/Elevation
    - MaterialComponents/Ink
    - MaterialComponents/private/Math
    - MaterialComponents/Ripple
    - MaterialComponents/ShadowElevations
    - MaterialComponents/ShadowLayer
    - MaterialComponents/ShapeLibrary
    - MaterialComponents/Shapes
    - MaterialComponents/Typography
    - MDFInternationalization
    - MDFTextAccessibility
  - MaterialComponents/Elevation (124.1.1):
    - MaterialComponents/Availability
    - MaterialComponents/private/Color
    - MaterialComponents/private/Math
  - MaterialComponents/Ink (124.1.1):
    - MaterialComponents/Availability
    - MaterialComponents/private/Color
    - MaterialComponents/private/Math
  - MaterialComponents/Palettes (124.1.1)
  - MaterialComponents/private/Application (124.1.1)
  - MaterialComponents/private/Color (124.1.1):
    - MaterialComponents/Availability
  - MaterialComponents/private/Math (124.1.1)
  - MaterialComponents/Ripple (124.1.1):
    - MaterialComponents/AnimationTiming
    - MaterialComponents/Availability
    - MaterialComponents/private/Color
    - MaterialComponents/private/Math
  - MaterialComponents/ShadowElevations (124.1.1)
  - MaterialComponents/ShadowLayer (124.1.1):
    - MaterialComponents/ShadowElevations
  - MaterialComponents/ShapeLibrary (124.1.1):
    - MaterialComponents/private/Math
    - MaterialComponents/Shapes
  - MaterialComponents/Shapes (124.1.1):
    - MaterialComponents/private/Color
    - MaterialComponents/private/Math
    - MaterialComponents/ShadowLayer
  - MaterialComponents/TextFields (124.1.1):
    - MaterialComponents/AnimationTiming
    - MaterialComponents/Buttons
    - MaterialComponents/Elevation
    - MaterialComponents/Palettes
    - MaterialComponents/private/Math
    - MaterialComponents/Typography
    - MDFInternationalization
  - MaterialComponents/Typography (124.1.1):
    - MaterialComponents/private/Application
    - MaterialComponents/private/Math
    - MDFTextAccessibility
  - MDFInternationalization (2.0.0)
  - MDFTextAccessibility (2.0.1)
  - Mocker (2.2.0)
  - PhoneNumberKit (3.3.3):
    - PhoneNumberKit/PhoneNumberKitCore (= 3.3.3)
    - PhoneNumberKit/UIKit (= 3.3.3)
  - PhoneNumberKit/PhoneNumberKitCore (3.3.3)
  - PhoneNumberKit/UIKit (3.3.3):
    - PhoneNumberKit/PhoneNumberKitCore
  - Realm (5.5.1):
    - Realm/Headers (= 5.5.1)
  - Realm/Headers (5.5.1)
  - RealmSwift (5.5.1):
    - Realm (= 5.5.1)
  - RxAppState (1.7.0):
    - RxCocoa (~> 6.0)
    - RxSwift (~> 6.0)
  - RxBlocking (6.1.0):
    - RxSwift (= 6.1.0)
  - RxCocoa (6.1.0):
    - RxRelay (= 6.1.0)
    - RxSwift (= 6.1.0)
  - RxRelay (6.1.0):
    - RxSwift (= 6.1.0)
  - RxSwift (6.1.0)
  - RxTest (6.1.0):
    - RxSwift (= 6.1.0)
  - SimpleCheckbox (2.1.0)
  - Sourcery (1.4.1)
  - SwiftBase32 (0.9.0)
  - SwiftGen (6.4.0)
  - SwiftJWT (3.6.200):
    - BlueCryptor (~> 1.0)
    - BlueECC (~> 1.1)
    - BlueRSA (~> 1.0)
    - KituraContracts (~> 1.2)
    - LoggerAPI (~> 1.7)
  - SwiftLint (0.43.1)
  - Validator (3.2.1)

DEPENDENCIES:
  - CryptoSwift (~> 1.4.0)
  - DeviceKit (~> 4.4.0)
  - IQKeyboardManagerSwift (~> 6.5.6)
  - JGProgressHUD (~> 2.2)
  - LicensesViewController (~> 0.9.0)
  - MaterialComponents/TextFields (~> 124.1.1)
  - Mocker (~> 2.2.0)
  - PhoneNumberKit (~> 3.3.3)
  - RealmSwift (~> 5.5.1)
  - RxAppState (~> 1.7.0)
  - RxBlocking (~> 6.1.0)
  - RxSwift (~> 6.1.0)
  - RxTest (~> 6.1.0)
  - SimpleCheckbox (~> 2.1.0)
  - Sourcery (~> 1.4.1)
  - SwiftBase32 (~> 0.9.0)
  - SwiftGen (~> 6.4.0)
  - SwiftJWT (~> 3.6.200)
  - SwiftLint (~> 0.43.1)
  - Validator (~> 3.2.1)

SPEC REPOS:
  https://github.com/CocoaPods/Specs:
    - BlueCryptor
    - BlueECC
    - BlueRSA
    - CryptoSwift
    - DeviceKit
    - IQKeyboardManagerSwift
    - JGProgressHUD
    - KituraContracts
    - LicensesViewController
    - LoggerAPI
    - Logging
    - MaterialComponents
    - MDFInternationalization
    - MDFTextAccessibility
    - Mocker
    - PhoneNumberKit
    - Realm
    - RealmSwift
    - RxAppState
    - RxBlocking
    - RxCocoa
    - RxRelay
    - RxSwift
    - RxTest
    - SimpleCheckbox
    - Sourcery
    - SwiftBase32
    - SwiftGen
    - SwiftJWT
    - SwiftLint
    - Validator

SPEC CHECKSUMS:
  BlueCryptor: b0aee3d9b8f367b49b30de11cda90e1735571c24
  BlueECC: 0d18e93347d3ec6d41416de21c1ffa4d4cd3c2cc
  BlueRSA: 6f9776d62d9773502415a7db3bcbb2bbb3f71fc3
  CryptoSwift: 7cc902df1784de3b389a387756c7d710f197730c
  DeviceKit: 2c5d7485a2fa10b65c0091b2952d30843a6ba06d
  IQKeyboardManagerSwift: c7df9d2deb356c04522f5c4b7b6e4ce4d8ed94fe
  JGProgressHUD: d83d7a981b85d11205e19ff8ad5bb9c40571c847
  KituraContracts: e845e60dc8627ad0a76fa55ef20a45451d8f830b
  LicensesViewController: 6487b7721aa19d81d90f2ede98b44177f74bcf1f
  LoggerAPI: ad9c4a6f1e32f518fdb43a1347ac14d765ab5e3d
  Logging: beeb016c9c80cf77042d62e83495816847ef108b
  MaterialComponents: b9f58f24bf74588a83b2dce05802a11aaed5257d
  MDFInternationalization: 010097556d6b09d2c4ea38e0820ea6d37be6a314
  MDFTextAccessibility: f4bb4cc2194286651b59a215fdeaa0e05dc90ba5
  Mocker: d0ceb340eddd5c28539a691ce67d068674cef9a0
  PhoneNumberKit: 4ce83273551c4d2ae10b7361162f4283dd02835f
  Realm: c2ffe0667f9c98c9ba65f608ba85684d39826145
  RealmSwift: 5a35c1c35c3e1925e6fcd092c881d5cc4a826bff
  RxAppState: 20985b89f0b5d19aa67cf9b0ca38d07878e2fcae
  RxBlocking: 602095fba0bce7b16b56ccec89edf780c248b7d9
  RxCocoa: 5c51f02d562cbd94629f6c26cf0c80fe4ab8d343
  RxRelay: 483e1a19fad961b41f0b0c0bee506f46c1ae14fe
  RxSwift: a834e5c538e89eca0cae86f403f4fbf0336786ce
  RxTest: 9d26616eaff4a7e75f4ecae9b2c24840f2e8218d
  SimpleCheckbox: ddcd433ab8c3a8f57300bebda13151a8f302c7f9
  Sourcery: db66600e8b285c427701821598d07cf3c7e6c476
  SwiftBase32: 9399c25a80666dc66b51e10076bf591e3bbb8f17
  SwiftGen: 67860cc7c3cfc2ed25b9b74cfd55495fc89f9108
  SwiftJWT: 88c412708f58c169d431d344c87bc79a87c830ae
  SwiftLint: 99f82d07b837b942dd563c668de129a03fc3fb52
  Validator: 80a6f567220c962dfd2d9928ae98a8c1d164f6f4

PODFILE CHECKSUM: 3c10c67c0f33eda57049966a87f30bfa5e800ad8

COCOAPODS: 1.10.1
